PODS:
  - DLRadioButton (1.4.9)
  - SCLAlertView (0.7.0)

DEPENDENCIES:
  - DLRadioButton
  - SCLAlertView

SPEC CHECKSUMS:
  DLRadioButton: 7bb8a6e3768b572469ace553391ab4d2af6f9c19
  SCLAlertView: 8a14ffc40590c619e183eed2298b854385f30be1

PODFILE CHECKSUM: cd86c9adc31b590748aa45f5ef74d5d39b1d67a7

COCOAPODS: 1.2.0
